
Microsoft Visual Studio Solution File, Format Version 12.00
# Visual Studio Version 16
VisualStudioVersion = 16.0.31019.35
MinimumVisualStudioVersion = 10.0.40219.1
Project("{FAE04EC0-301F-11D3-BF4B-00C04F79EFBC}") = "Labb4WinForm", "Labb4WinForm\Labb4WinForm.csproj", "{D86F1787-394A-4932-B8D6-010C161185AA}"
EndProject
Global
	GlobalSection(SolutionConfigurationPlatforms) = preSolution
		Debug|Any CPU = Debug|Any CPU
		Release|Any CPU = Release|Any CPU
	EndGlobalSection
	GlobalSection(ProjectConfigurationPlatforms) = postSolution
		{D86F1787-394A-4932-B8D6-010C161185AA}.Debug|Any CPU.ActiveCfg = Debug|Any CPU
		{D86F1787-394A-4932-B8D6-010C161185AA}.Debug|Any CPU.Build.0 = Debug|Any CPU
		{D86F1787-394A-4932-B8D6-010C161185AA}.Release|Any CPU.ActiveCfg = Release|Any CPU
		{D86F1787-394A-4932-B8D6-010C161185AA}.Release|Any CPU.Build.0 = Release|Any CPU
	EndGlobalSection
	GlobalSection(SolutionProperties) = preSolution
		HideSolutionNode = FALSE
	EndGlobalSection
	GlobalSection(ExtensibilityGlobals) = postSolution
		SolutionGuid = {6E6548B8-E962-4DD6-BEBA-13D4667D9D3F}
	EndGlobalSection
EndGlobal
